
Microsoft Visual Studio Solution File, Format Version 12.00
# Visual Studio Version 17
VisualStudioVersion = 17.4.33205.214
MinimumVisualStudioVersion = 10.0.40219.1
Project("{FAE04EC0-301F-11D3-BF4B-00C04F79EFBC}") = "ClassLibrary1", "ClassLibrary1\ClassLibrary1.csproj", "{8A47DFB3-0E5F-4082-9093-B9D91828C146}"
EndProject
Project("{FAE04EC0-301F-11D3-BF4B-00C04F79EFBC}") = "ClassLibrary1.Tests", "ClassLibrary1.Tests\ClassLibrary1.Tests.csproj", "{02996EBE-F521-4508-8634-D9AF8B6E65AB}"
EndProject
Global
	GlobalSection(SolutionConfigurationPlatforms) = preSolution
		Debug|Any CPU = Debug|Any CPU
		Release|Any CPU = Release|Any CPU
	EndGlobalSection
	GlobalSection(ProjectConfigurationPlatforms) = postSolution
		{8A47DFB3-0E5F-4082-9093-B9D91828C146}.Debug|Any CPU.ActiveCfg = Debug|Any CPU
		{8A47DFB3-0E5F-4082-9093-B9D91828C146}.Debug|Any CPU.Build.0 = Debug|Any CPU
		{8A47DFB3-0E5F-4082-9093-B9D91828C146}.Release|Any CPU.ActiveCfg = Release|Any CPU
		{8A47DFB3-0E5F-4082-9093-B9D91828C146}.Release|Any CPU.Build.0 = Release|Any CPU
		{02996EBE-F521-4508-8634-D9AF8B6E65AB}.Debug|Any CPU.ActiveCfg = Debug|Any CPU
		{02996EBE-F521-4508-8634-D9AF8B6E65AB}.Debug|Any CPU.Build.0 = Debug|Any CPU
		{02996EBE-F521-4508-8634-D9AF8B6E65AB}.Release|Any CPU.ActiveCfg = Release|Any CPU
		{02996EBE-F521-4508-8634-D9AF8B6E65AB}.Release|Any CPU.Build.0 = Release|Any CPU
	EndGlobalSection
	GlobalSection(SolutionProperties) = preSolution
		HideSolutionNode = FALSE
	EndGlobalSection
	GlobalSection(ExtensibilityGlobals) = postSolution
		SolutionGuid = {BD56D17E-5E4D-49DC-B098-1F8CA4FD9F60}
	EndGlobalSection
EndGlobal
